# Auto-generated by mcpp. Do not edit by hand.
# Records what this build resolved. It does not yet pin future builds:
# index dependencies are re-resolved from their constraints each time.
# dev-dependencies are excluded: only `mcpp test` resolves them, and this
# file must not change depending on which command ran last.
version = 2

[package."compat.mbedtls"]
namespace = "compat"
version = "3.6.1"
source  = "index+compat@3.6.1"
hash    = "fnv1a:83dea67ac1379be3"

